
Microsoft Visual Studio Solution File, Format Version 12.00
# Visual Studio Version 17
VisualStudioVersion = 17.6.33815.320
MinimumVisualStudioVersion = 10.0.40219.1
Project("{FAE04EC0-301F-11D3-BF4B-00C04F79EFBC}") = "Pedidos", "Pedidos\Pedidos.csproj", "{77102C0B-C2D7-4418-833B-66D038888448}"
EndProject
Global
	GlobalSection(SolutionConfigurationPlatforms) = preSolution
		Debug|Any CPU = Debug|Any CPU
		Release|Any CPU = Release|Any CPU
	EndGlobalSection
	GlobalSection(ProjectConfigurationPlatforms) = postSolution
		{77102C0B-C2D7-4418-833B-66D038888448}.Debug|Any CPU.ActiveCfg = Debug|Any CPU
		{77102C0B-C2D7-4418-833B-66D038888448}.Debug|Any CPU.Build.0 = Debug|Any CPU
		{77102C0B-C2D7-4418-833B-66D038888448}.Release|Any CPU.ActiveCfg = Release|Any CPU
		{77102C0B-C2D7-4418-833B-66D038888448}.Release|Any CPU.Build.0 = Release|Any CPU
	EndGlobalSection
	GlobalSection(SolutionProperties) = preSolution
		HideSolutionNode = FALSE
	EndGlobalSection
	GlobalSection(ExtensibilityGlobals) = postSolution
		SolutionGuid = {429AAD73-7FB3-4A88-B470-5978F8B726E4}
	EndGlobalSection
EndGlobal
